
Microsoft Visual Studio Solution File, Format Version 12.00
# Visual Studio Version 16
VisualStudioVersion = 16.0.29409.12
MinimumVisualStudioVersion = 10.0.40219.1
Project("{9A19103F-16F7-4668-BE54-9A1E7A4F7556}") = "Cave.Cardinal", "Cave.Cardinal\Cave.Cardinal.csproj", "{399DA347-02FC-405E-9A49-A7A1963B3806}"
EndProject
Project("{2150E333-8FDC-42A3-9474-1A3956D46DE8}") = "Solution Items", "Solution Items", "{C7C222A9-131B-4AE6-98AD-A5BC1560470D}"
	ProjectSection(SolutionItems) = preProject
		.editorconfig = .editorconfig
		.gitignore = .gitignore
		build.bat = build.bat
	EndProjectSection
EndProject
Global
	GlobalSection(SolutionConfigurationPlatforms) = preSolution
		Debug|Any CPU = Debug|Any CPU
		Release|Any CPU = Release|Any CPU
	EndGlobalSection
	GlobalSection(ProjectConfigurationPlatforms) = postSolution
		{399DA347-02FC-405E-9A49-A7A1963B3806}.Debug|Any CPU.ActiveCfg = Debug|Any CPU
		{399DA347-02FC-405E-9A49-A7A1963B3806}.Debug|Any CPU.Build.0 = Debug|Any CPU
		{399DA347-02FC-405E-9A49-A7A1963B3806}.Release|Any CPU.ActiveCfg = Release|Any CPU
		{399DA347-02FC-405E-9A49-A7A1963B3806}.Release|Any CPU.Build.0 = Release|Any CPU
	EndGlobalSection
	GlobalSection(SolutionProperties) = preSolution
		HideSolutionNode = FALSE
	EndGlobalSection
	GlobalSection(ExtensibilityGlobals) = postSolution
		SolutionGuid = {07066C23-5ECD-4A87-A721-C390D7531AC6}
	EndGlobalSection
EndGlobal
